
Microsoft Visual Studio Solution File, Format Version 12.00
# Visual Studio 15
VisualStudioVersion = 15.0.27703.2000
MinimumVisualStudioVersion = 10.0.40219.1
Project("{FAE04EC0-301F-11D3-BF4B-00C04F79EFBC}") = "PhoneDialerSample.Android", "PhoneDialerSample\PhoneDialerSample.Android\PhoneDialerSample.Android.csproj", "{E2673E1D-0D69-4F17-BC0D-F85284D7ECC2}"
EndProject
Project("{FAE04EC0-301F-11D3-BF4B-00C04F79EFBC}") = "PhoneDialerSample.iOS", "PhoneDialerSample\PhoneDialerSample.iOS\PhoneDialerSample.iOS.csproj", "{BBE3D201-EDEF-42CF-90DE-641EB1DE3434}"
EndProject
Project("{FAE04EC0-301F-11D3-BF4B-00C04F79EFBC}") = "PhoneDialerSample", "PhoneDialerSample\PhoneDialerSample\PhoneDialerSample.csproj", "{BA04E825-F3FF-4CE4-85E4-9CBB814ED1F5}"
EndProject
Global
	GlobalSection(SolutionConfigurationPlatforms) = preSolution
		Ad-Hoc|Any CPU = Ad-Hoc|Any CPU
		Ad-Hoc|iPhone = Ad-Hoc|iPhone
		Ad-Hoc|iPhoneSimulator = Ad-Hoc|iPhoneSimulator
		AppStore|Any CPU = AppStore|Any CPU
		AppStore|iPhone = AppStore|iPhone
		AppStore|iPhoneSimulator = AppStore|iPhoneSimulator
		Debug|Any CPU = Debug|Any CPU
		Debug|iPhone = Debug|iPhone
		Debug|iPhoneSimulator = Debug|iPhoneSimulator
		Release|Any CPU = Release|Any CPU
		Release|iPhone = Release|iPhone
		Release|iPhoneSimulator = Release|iPhoneSimulator
	EndGlobalSection
	GlobalSection(ProjectConfigurationPlatforms) = postSolution
		{E2673E1D-0D69-4F17-BC0D-F85284D7ECC2}.Ad-Hoc|Any CPU.ActiveCfg = Release|Any CPU
		{E2673E1D-0D69-4F17-BC0D-F85284D7ECC2}.Ad-Hoc|Any CPU.Build.0 = Release|Any CPU
		{E2673E1D-0D69-4F17-BC0D-F85284D7ECC2}.Ad-Hoc|Any CPU.Deploy.0 = Release|Any CPU
		{E2673E1D-0D69-4F17-BC0D-F85284D7ECC2}.Ad-Hoc|iPhone.ActiveCfg = Release|Any CPU
		{E2673E1D-0D69-4F17-BC0D-F85284D7ECC2}.Ad-Hoc|iPhone.Build.0 = Release|Any CPU
		{E2673E1D-0D69-4F17-BC0D-F85284D7ECC2}.Ad-Hoc|iPhone.Deploy.0 = Release|Any CPU
		{E2673E1D-0D69-4F17-BC0D-F85284D7ECC2}.Ad-Hoc|iPhoneSimulator.ActiveCfg = Release|Any CPU
		{E2673E1D-0D69-4F17-BC0D-F85284D7ECC2}.Ad-Hoc|iPhoneSimulator.Build.0 = Release|Any CPU
		{E2673E1D-0D69-4F17-BC0D-F85284D7ECC2}.Ad-Hoc|iPhoneSimulator.Deploy.0 = Release|Any CPU
		{E2673E1D-0D69-4F17-BC0D-F85284D7ECC2}.AppStore|Any CPU.ActiveCfg = Release|Any CPU
		{E2673E1D-0D69-4F17-BC0D-F85284D7ECC2}.AppStore|Any CPU.Build.0 = Release|Any CPU
		{E2673E1D-0D69-4F17-BC0D-F85284D7ECC2}.AppStore|Any CPU.Deploy.0 = Release|Any CPU
		{E2673E1D-0D69-4F17-BC0D-F85284D7ECC2}.AppStore|iPhone.ActiveCfg = Release|Any CPU
		{E2673E1D-0D69-4F17-BC0D-F85284D7ECC2}.AppStore|iPhone.Build.0 = Release|Any CPU
		{E2673E1D-0D69-4F17-BC0D-F85284D7ECC2}.AppStore|iPhone.Deploy.0 = Release|Any CPU
		{E2673E1D-0D69-4F17-BC0D-F85284D7ECC2}.AppStore|iPhoneSimulator.ActiveCfg = Release|Any CPU
		{E2673E1D-0D69-4F17-BC0D-F85284D7ECC2}.AppStore|iPhoneSimulator.Build.0 = Release|Any CPU
		{E2673E1D-0D69-4F17-BC0D-F85284D7ECC2}.AppStore|iPhoneSimulator.Deploy.0 = Release|Any CPU
		{E2673E1D-0D69-4F17-BC0D-F85284D7ECC2}.Debug|Any CPU.ActiveCfg = Debug|Any CPU
		{E2673E1D-0D69-4F17-BC0D-F85284D7ECC2}.Debug|Any CPU.Build.0 = Debug|Any CPU
		{E2673E1D-0D69-4F17-BC0D-F85284D7ECC2}.Debug|Any CPU.Deploy.0 = Debug|Any CPU
		{E2673E1D-0D69-4F17-BC0D-F85284D7ECC2}.Debug|iPhone.ActiveCfg = Debug|Any CPU
		{E2673E1D-0D69-4F17-BC0D-F85284D7ECC2}.Debug|iPhone.Build.0 = Debug|Any CPU
		{E2673E1D-0D69-4F17-BC0D-F85284D7ECC2}.Debug|iPhone.Deploy.0 = Debug|Any CPU
		{E2673E1D-0D69-4F17-BC0D-F85284D7ECC2}.Debug|iPhoneSimulator.ActiveCfg = Debug|Any CPU
		{E2673E1D-0D69-4F17-BC0D-F85284D7ECC2}.Debug|iPhoneSimulator.Build.0 = Debug|Any CPU
		{E2673E1D-0D69-4F17-BC0D-F85284D7ECC2}.Debug|iPhoneSimulator.Deploy.0 = Debug|Any CPU
		{E2673E1D-0D69-4F17-BC0D-F85284D7ECC2}.Release|Any CPU.ActiveCfg = Release|Any CPU
		{E2673E1D-0D69-4F17-BC0D-F85284D7ECC2}.Release|Any CPU.Build.0 = Release|Any CPU
		{E2673E1D-0D69-4F17-BC0D-F85284D7ECC2}.Release|Any CPU.Deploy.0 = Release|Any CPU
		{E2673E1D-0D69-4F17-BC0D-F85284D7ECC2}.Release|iPhone.ActiveCfg = Release|Any CPU
		{E2673E1D-0D69-4F17-BC0D-F85284D7ECC2}.Release|iPhone.Build.0 = Release|Any CPU
		{E2673E1D-0D69-4F17-BC0D-F85284D7ECC2}.Release|iPhone.Deploy.0 = Release|Any CPU
		{E2673E1D-0D69-4F17-BC0D-F85284D7ECC2}.Release|iPhoneSimulator.ActiveCfg = Release|Any CPU
		{E2673E1D-0D69-4F17-BC0D-F85284D7ECC2}.Release|iPhoneSimulator.Build.0 = Release|Any CPU
		{E2673E1D-0D69-4F17-BC0D-F85284D7ECC2}.Release|iPhoneSimulator.Deploy.0 = Release|Any CPU
		{BBE3D201-EDEF-42CF-90DE-641EB1DE3434}.Ad-Hoc|Any CPU.ActiveCfg = Ad-Hoc|iPhone
		{BBE3D201-EDEF-42CF-90DE-641EB1DE3434}.Ad-Hoc|Any CPU.Build.0 = Ad-Hoc|iPhone
		{BBE3D201-EDEF-42CF-90DE-641EB1DE3434}.Ad-Hoc|Any CPU.Deploy.0 = Ad-Hoc|iPhone
		{BBE3D201-EDEF-42CF-90DE-641EB1DE3434}.Ad-Hoc|iPhone.ActiveCfg = Ad-Hoc|iPhone
		{BBE3D201-EDEF-42CF-90DE-641EB1DE3434}.Ad-Hoc|iPhone.Build.0 = Ad-Hoc|iPhone
		{BBE3D201-EDEF-42CF-90DE-641EB1DE3434}.Ad-Hoc|iPhone.Deploy.0 = Ad-Hoc|iPhone
		{BBE3D201-EDEF-42CF-90DE-641EB1DE3434}.Ad-Hoc|iPhoneSimulator.ActiveCfg = Ad-Hoc|iPhoneSimulator
		{BBE3D201-EDEF-42CF-90DE-641EB1DE3434}.Ad-Hoc|iPhoneSimulator.Build.0 = Ad-Hoc|iPhoneSimulator
		{BBE3D201-EDEF-42CF-90DE-641EB1DE3434}.Ad-Hoc|iPhoneSimulator.Deploy.0 = Ad-Hoc|iPhoneSimulator
		{BBE3D201-EDEF-42CF-90DE-641EB1DE3434}.AppStore|Any CPU.ActiveCfg = AppStore|iPhone
		{BBE3D201-EDEF-42CF-90DE-641EB1DE3434}.AppStore|Any CPU.Build.0 = AppStore|iPhone
		{BBE3D201-EDEF-42CF-90DE-641EB1DE3434}.AppStore|Any CPU.Deploy.0 = AppStore|iPhone
		{BBE3D201-EDEF-42CF-90DE-641EB1DE3434}.AppStore|iPhone.ActiveCfg = AppStore|iPhone
		{BBE3D201-EDEF-42CF-90DE-641EB1DE3434}.AppStore|iPhone.Build.0 = AppStore|iPhone
		{BBE3D201-EDEF-42CF-90DE-641EB1DE3434}.AppStore|iPhone.Deploy.0 = AppStore|iPhone
		{BBE3D201-EDEF-42CF-90DE-641EB1DE3434}.AppStore|iPhoneSimulator.ActiveCfg = AppStore|iPhoneSimulator
		{BBE3D201-EDEF-42CF-90DE-641EB1DE3434}.AppStore|iPhoneSimulator.Build.0 = AppStore|iPhoneSimulator
		{BBE3D201-EDEF-42CF-90DE-641EB1DE3434}.AppStore|iPhoneSimulator.Deploy.0 = AppStore|iPhoneSimulator
		{BBE3D201-EDEF-42CF-90DE-641EB1DE3434}.Debug|Any CPU.ActiveCfg = Debug|iPhoneSimulator
		{BBE3D201-EDEF-42CF-90DE-641EB1DE3434}.Debug|Any CPU.Build.0 = Debug|iPhoneSimulator
		{BBE3D201-EDEF-42CF-90DE-641EB1DE3434}.Debug|Any CPU.Deploy.0 = Debug|iPhoneSimulator
		{BBE3D201-EDEF-42CF-90DE-641EB1DE3434}.Debug|iPhone.ActiveCfg = Debug|iPhone
		{BBE3D201-EDEF-42CF-90DE-641EB1DE3434}.Debug|iPhone.Build.0 = Debug|iPhone
		{BBE3D201-EDEF-42CF-90DE-641EB1DE3434}.Debug|iPhone.Deploy.0 = Debug|iPhone
		{BBE3D201-EDEF-42CF-90DE-641EB1DE3434}.Debug|iPhoneSimulator.ActiveCfg = Debug|iPhoneSimulator
		{BBE3D201-EDEF-42CF-90DE-641EB1DE3434}.Debug|iPhoneSimulator.Build.0 = Debug|iPhoneSimulator
		{BBE3D201-EDEF-42CF-90DE-641EB1DE3434}.Debug|iPhoneSimulator.Deploy.0 = Debug|iPhoneSimulator
		{BBE3D201-EDEF-42CF-90DE-641EB1DE3434}.Release|Any CPU.ActiveCfg = Release|iPhone
		{BBE3D201-EDEF-42CF-90DE-641EB1DE3434}.Release|Any CPU.Build.0 = Release|iPhone
		{BBE3D201-EDEF-42CF-90DE-641EB1DE3434}.Release|Any CPU.Deploy.0 = Release|iPhone
		{BBE3D201-EDEF-42CF-90DE-641EB1DE3434}.Release|iPhone.ActiveCfg = Release|iPhone
		{BBE3D201-EDEF-42CF-90DE-641EB1DE3434}.Release|iPhone.Build.0 = Release|iPhone
		{BBE3D201-EDEF-42CF-90DE-641EB1DE3434}.Release|iPhone.Deploy.0 = Release|iPhone
		{BBE3D201-EDEF-42CF-90DE-641EB1DE3434}.Release|iPhoneSimulator.ActiveCfg = Release|iPhoneSimulator
		{BBE3D201-EDEF-42CF-90DE-641EB1DE3434}.Release|iPhoneSimulator.Build.0 = Release|iPhoneSimulator
		{BBE3D201-EDEF-42CF-90DE-641EB1DE3434}.Release|iPhoneSimulator.Deploy.0 = Release|iPhoneSimulator
		{BA04E825-F3FF-4CE4-85E4-9CBB814ED1F5}.Ad-Hoc|Any CPU.ActiveCfg = Debug|Any CPU
		{BA04E825-F3FF-4CE4-85E4-9CBB814ED1F5}.Ad-Hoc|Any CPU.Build.0 = Debug|Any CPU
		{BA04E825-F3FF-4CE4-85E4-9CBB814ED1F5}.Ad-Hoc|Any CPU.Deploy.0 = Debug|Any CPU
		{BA04E825-F3FF-4CE4-85E4-9CBB814ED1F5}.Ad-Hoc|iPhone.ActiveCfg = Debug|Any CPU
		{BA04E825-F3FF-4CE4-85E4-9CBB814ED1F5}.Ad-Hoc|iPhone.Build.0 = Debug|Any CPU
		{BA04E825-F3FF-4CE4-85E4-9CBB814ED1F5}.Ad-Hoc|iPhone.Deploy.0 = Debug|Any CPU
		{BA04E825-F3FF-4CE4-85E4-9CBB814ED1F5}.Ad-Hoc|iPhoneSimulator.ActiveCfg = Debug|Any CPU
		{BA04E825-F3FF-4CE4-85E4-9CBB814ED1F5}.Ad-Hoc|iPhoneSimulator.Build.0 = Debug|Any CPU
		{BA04E825-F3FF-4CE4-85E4-9CBB814ED1F5}.Ad-Hoc|iPhoneSimulator.Deploy.0 = Debug|Any CPU
		{BA04E825-F3FF-4CE4-85E4-9CBB814ED1F5}.AppStore|Any CPU.ActiveCfg = Debug|Any CPU
		{BA04E825-F3FF-4CE4-85E4-9CBB814ED1F5}.AppStore|Any CPU.Build.0 = Debug|Any CPU
		{BA04E825-F3FF-4CE4-85E4-9CBB814ED1F5}.AppStore|Any CPU.Deploy.0 = Debug|Any CPU
		{BA04E825-F3FF-4CE4-85E4-9CBB814ED1F5}.AppStore|iPhone.ActiveCfg = Debug|Any CPU
		{BA04E825-F3FF-4CE4-85E4-9CBB814ED1F5}.AppStore|iPhone.Build.0 = Debug|Any CPU
		{BA04E825-F3FF-4CE4-85E4-9CBB814ED1F5}.AppStore|iPhone.Deploy.0 = Debug|Any CPU
		{BA04E825-F3FF-4CE4-85E4-9CBB814ED1F5}.AppStore|iPhoneSimulator.ActiveCfg = Debug|Any CPU
		{BA04E825-F3FF-4CE4-85E4-9CBB814ED1F5}.AppStore|iPhoneSimulator.Build.0 = Debug|Any CPU
		{BA04E825-F3FF-4CE4-85E4-9CBB814ED1F5}.AppStore|iPhoneSimulator.Deploy.0 = Debug|Any CPU
		{BA04E825-F3FF-4CE4-85E4-9CBB814ED1F5}.Debug|Any CPU.ActiveCfg = Debug|Any CPU
		{BA04E825-F3FF-4CE4-85E4-9CBB814ED1F5}.Debug|Any CPU.Build.0 = Debug|Any CPU
		{BA04E825-F3FF-4CE4-85E4-9CBB814ED1F5}.Debug|Any CPU.Deploy.0 = Debug|Any CPU
		{BA04E825-F3FF-4CE4-85E4-9CBB814ED1F5}.Debug|iPhone.ActiveCfg = Debug|Any CPU
		{BA04E825-F3FF-4CE4-85E4-9CBB814ED1F5}.Debug|iPhone.Build.0 = Debug|Any CPU
		{BA04E825-F3FF-4CE4-85E4-9CBB814ED1F5}.Debug|iPhone.Deploy.0 = Debug|Any CPU
		{BA04E825-F3FF-4CE4-85E4-9CBB814ED1F5}.Debug|iPhoneSimulator.ActiveCfg = Debug|Any CPU
		{BA04E825-F3FF-4CE4-85E4-9CBB814ED1F5}.Debug|iPhoneSimulator.Build.0 = Debug|Any CPU
		{BA04E825-F3FF-4CE4-85E4-9CBB814ED1F5}.Debug|iPhoneSimulator.Deploy.0 = Debug|Any CPU
		{BA04E825-F3FF-4CE4-85E4-9CBB814ED1F5}.Release|Any CPU.ActiveCfg = Release|Any CPU
		{BA04E825-F3FF-4CE4-85E4-9CBB814ED1F5}.Release|Any CPU.Build.0 = Release|Any CPU
		{BA04E825-F3FF-4CE4-85E4-9CBB814ED1F5}.Release|Any CPU.Deploy.0 = Release|Any CPU
		{BA04E825-F3FF-4CE4-85E4-9CBB814ED1F5}.Release|iPhone.ActiveCfg = Release|Any CPU
		{BA04E825-F3FF-4CE4-85E4-9CBB814ED1F5}.Release|iPhone.Build.0 = Release|Any CPU
		{BA04E825-F3FF-4CE4-85E4-9CBB814ED1F5}.Release|iPhone.Deploy.0 = Release|Any CPU
		{BA04E825-F3FF-4CE4-85E4-9CBB814ED1F5}.Release|iPhoneSimulator.ActiveCfg = Release|Any CPU
		{BA04E825-F3FF-4CE4-85E4-9CBB814ED1F5}.Release|iPhoneSimulator.Build.0 = Release|Any CPU
		{BA04E825-F3FF-4CE4-85E4-9CBB814ED1F5}.Release|iPhoneSimulator.Deploy.0 = Release|Any CPU
	EndGlobalSection
	GlobalSection(SolutionProperties) = preSolution
		HideSolutionNode = FALSE
	EndGlobalSection
	GlobalSection(ExtensibilityGlobals) = postSolution
		SolutionGuid = {7DD608E6-B2B8-40B9-A119-4118B0595F82}
	EndGlobalSection
EndGlobal
